
Microsoft Visual Studio Solution File, Format Version 12.00
# Visual Studio Version 17
VisualStudioVersion = 17.7.34031.279
MinimumVisualStudioVersion = 10.0.40219.1
Project("{FAE04EC0-301F-11D3-BF4B-00C04F79EFBC}") = "DS2Saves", "DS2Saves.csproj", "{5A9BFF3C-90F6-441C-8487-1A96270BF2FF}"
EndProject
Global
	GlobalSection(SolutionConfigurationPlatforms) = preSolution
		Debug|Any CPU = Debug|Any CPU
		Release|Any CPU = Release|Any CPU
	EndGlobalSection
	GlobalSection(ProjectConfigurationPlatforms) = postSolution
		{5A9BFF3C-90F6-441C-8487-1A96270BF2FF}.Debug|Any CPU.ActiveCfg = Debug|Any CPU
		{5A9BFF3C-90F6-441C-8487-1A96270BF2FF}.Debug|Any CPU.Build.0 = Debug|Any CPU
		{5A9BFF3C-90F6-441C-8487-1A96270BF2FF}.Release|Any CPU.ActiveCfg = Release|Any CPU
		{5A9BFF3C-90F6-441C-8487-1A96270BF2FF}.Release|Any CPU.Build.0 = Release|Any CPU
	EndGlobalSection
	GlobalSection(SolutionProperties) = preSolution
		HideSolutionNode = FALSE
	EndGlobalSection
	GlobalSection(ExtensibilityGlobals) = postSolution
		SolutionGuid = {F6BA5476-3F84-4D99-A739-4B0614744795}
	EndGlobalSection
EndGlobal
